
Microsoft Visual Studio Solution File, Format Version 12.00
# Visual Studio Version 16
VisualStudioVersion = 16.0.31729.503
MinimumVisualStudioVersion = 10.0.40219.1
Project("{FAE04EC0-301F-11D3-BF4B-00C04F79EFBC}") = "PluginTraining", "PluginTraining\PluginTraining.csproj", "{6602F100-0632-4D27-9A34-5FDB17D708E4}"
EndProject
Project("{FAE04EC0-301F-11D3-BF4B-00C04F79EFBC}") = "PluginTrainingConsole", "PluginTrainingConsole\PluginTrainingConsole.csproj", "{ABE5ED7A-7A8E-443F-8866-F85BCD3C354C}"
EndProject
Global
	GlobalSection(SolutionConfigurationPlatforms) = preSolution
		Debug|Any CPU = Debug|Any CPU
		Release|Any CPU = Release|Any CPU
	EndGlobalSection
	GlobalSection(ProjectConfigurationPlatforms) = postSolution
		{6602F100-0632-4D27-9A34-5FDB17D708E4}.Debug|Any CPU.ActiveCfg = Debug|Any CPU
		{6602F100-0632-4D27-9A34-5FDB17D708E4}.Debug|Any CPU.Build.0 = Debug|Any CPU
		{6602F100-0632-4D27-9A34-5FDB17D708E4}.Release|Any CPU.ActiveCfg = Release|Any CPU
		{6602F100-0632-4D27-9A34-5FDB17D708E4}.Release|Any CPU.Build.0 = Release|Any CPU
		{ABE5ED7A-7A8E-443F-8866-F85BCD3C354C}.Debug|Any CPU.ActiveCfg = Debug|Any CPU
		{ABE5ED7A-7A8E-443F-8866-F85BCD3C354C}.Debug|Any CPU.Build.0 = Debug|Any CPU
		{ABE5ED7A-7A8E-443F-8866-F85BCD3C354C}.Release|Any CPU.ActiveCfg = Release|Any CPU
		{ABE5ED7A-7A8E-443F-8866-F85BCD3C354C}.Release|Any CPU.Build.0 = Release|Any CPU
	EndGlobalSection
	GlobalSection(SolutionProperties) = preSolution
		HideSolutionNode = FALSE
	EndGlobalSection
	GlobalSection(ExtensibilityGlobals) = postSolution
		SolutionGuid = {B1AB3616-785A-4EC1-8A6B-280F9EC79A4F}
	EndGlobalSection
EndGlobal
